{
  "name": "superacli",
  "version": "1.31.5",
  "lockfileVersion": 3,
  "requires": true,
  "packages": {
    "": {
      "name": "superacli",
      "version": "1.31.5",
      "hasInstallScript": true,
      "license": "MIT",
      "bin": {
        "dcli": "cli/supercli.js",
        "sc": "cli/supercli.js",
        "scli": "cli/supercli.js",
        "superacli": "cli/supercli.js",
        "supercli": "cli/supercli.js"
      },
      "engines": {
        "node": ">=18.0.0"
      }
    }
  }
}
